
Microsoft Visual Studio Solution File, Format Version 11.00
# Visual Studio 2010
Project("{FAE04EC0-301F-11D3-BF4B-00C04F79EFBC}") = "RestService", "RestService\RestService.csproj", "{145F1D71-923D-4C33-AC57-6BEF6B31429B}"
EndProject
Global
	GlobalSection(SolutionConfigurationPlatforms) = preSolution
		Debug|Any CPU = Debug|Any CPU
		Release|Any CPU = Release|Any CPU
	EndGlobalSection
	GlobalSection(ProjectConfigurationPlatforms) = postSolution
		{145F1D71-923D-4C33-AC57-6BEF6B31429B}.Debug|Any CPU.ActiveCfg = Debug|Any CPU
		{145F1D71-923D-4C33-AC57-6BEF6B31429B}.Debug|Any CPU.Build.0 = Debug|Any CPU
		{145F1D71-923D-4C33-AC57-6BEF6B31429B}.Release|Any CPU.ActiveCfg = Release|Any CPU
		{145F1D71-923D-4C33-AC57-6BEF6B31429B}.Release|Any CPU.Build.0 = Release|Any CPU
	EndGlobalSection
	GlobalSection(SolutionProperties) = preSolution
		HideSolutionNode = FALSE
	EndGlobalSection
EndGlobal
