
Microsoft Visual Studio Solution File, Format Version 12.00
# Visual Studio 14
VisualStudioVersion = 14.0.23107.0
MinimumVisualStudioVersion = 10.0.40219.1
Project("{FAE04EC0-301F-11D3-BF4B-00C04F79EFBC}") = "Bestbuy.Rest.Timetrade.Service", "RestService\Bestbuy.Rest.Timetrade.Service.csproj", "{145F1D71-923D-4C33-AC57-6BEF6B31429B}"
EndProject
Project("{FAE04EC0-301F-11D3-BF4B-00C04F79EFBC}") = "TestRestService", "TestRestService\TestRestService.csproj", "{AB53B2E7-5AC2-4BDE-8ACE-AF4C2BE0CA3D}"
EndProject
Global
	GlobalSection(SolutionConfigurationPlatforms) = preSolution
		Debug|Any CPU = Debug|Any CPU
		Release|Any CPU = Release|Any CPU
	EndGlobalSection
	GlobalSection(ProjectConfigurationPlatforms) = postSolution
		{145F1D71-923D-4C33-AC57-6BEF6B31429B}.Debug|Any CPU.ActiveCfg = Debug|Any CPU
		{145F1D71-923D-4C33-AC57-6BEF6B31429B}.Debug|Any CPU.Build.0 = Debug|Any CPU
		{145F1D71-923D-4C33-AC57-6BEF6B31429B}.Release|Any CPU.ActiveCfg = Release|Any CPU
		{145F1D71-923D-4C33-AC57-6BEF6B31429B}.Release|Any CPU.Build.0 = Release|Any CPU
		{AB53B2E7-5AC2-4BDE-8ACE-AF4C2BE0CA3D}.Debug|Any CPU.ActiveCfg = Debug|Any CPU
		{AB53B2E7-5AC2-4BDE-8ACE-AF4C2BE0CA3D}.Debug|Any CPU.Build.0 = Debug|Any CPU
		{AB53B2E7-5AC2-4BDE-8ACE-AF4C2BE0CA3D}.Release|Any CPU.ActiveCfg = Release|Any CPU
		{AB53B2E7-5AC2-4BDE-8ACE-AF4C2BE0CA3D}.Release|Any CPU.Build.0 = Release|Any CPU
	EndGlobalSection
	GlobalSection(SolutionProperties) = preSolution
		HideSolutionNode = FALSE
	EndGlobalSection
EndGlobal
